
Microsoft Visual Studio Solution File, Format Version 12.00
# Visual Studio Version 17
VisualStudioVersion = 17.8.34525.116
MinimumVisualStudioVersion = 10.0.40219.1
Project("{FAE04EC0-301F-11D3-BF4B-00C04F79EFBC}") = "assignment", "assignment\assignment.csproj", "{A855A0BE-1D44-435F-9B86-6D7EC205049D}"
EndProject
Global
	GlobalSection(SolutionConfigurationPlatforms) = preSolution
		Debug|Any CPU = Debug|Any CPU
		Release|Any CPU = Release|Any CPU
	EndGlobalSection
	GlobalSection(ProjectConfigurationPlatforms) = postSolution
		{A855A0BE-1D44-435F-9B86-6D7EC205049D}.Debug|Any CPU.ActiveCfg = Debug|Any CPU
		{A855A0BE-1D44-435F-9B86-6D7EC205049D}.Debug|Any CPU.Build.0 = Debug|Any CPU
		{A855A0BE-1D44-435F-9B86-6D7EC205049D}.Release|Any CPU.ActiveCfg = Release|Any CPU
		{A855A0BE-1D44-435F-9B86-6D7EC205049D}.Release|Any CPU.Build.0 = Release|Any CPU
	EndGlobalSection
	GlobalSection(SolutionProperties) = preSolution
		HideSolutionNode = FALSE
	EndGlobalSection
	GlobalSection(ExtensibilityGlobals) = postSolution
		SolutionGuid = {26F68378-4939-450A-8F40-543331BB35CB}
	EndGlobalSection
EndGlobal
